
Microsoft Visual Studio Solution File, Format Version 12.00
# Visual Studio Version 16
VisualStudioVersion = 16.0.30907.101
MinimumVisualStudioVersion = 10.0.40219.1
Project("{FAE04EC0-301F-11D3-BF4B-00C04F79EFBC}") = "DocX", "DocX\DocX.csproj", "{9CAB13E9-CABE-4DA7-965F-97EA040071D3}"
EndProject
Global
	GlobalSection(SolutionConfigurationPlatforms) = preSolution
		Debug|Any CPU = Debug|Any CPU
		Release|Any CPU = Release|Any CPU
	EndGlobalSection
	GlobalSection(ProjectConfigurationPlatforms) = postSolution
		{9CAB13E9-CABE-4DA7-965F-97EA040071D3}.Debug|Any CPU.ActiveCfg = Debug|Any CPU
		{9CAB13E9-CABE-4DA7-965F-97EA040071D3}.Debug|Any CPU.Build.0 = Debug|Any CPU
		{9CAB13E9-CABE-4DA7-965F-97EA040071D3}.Release|Any CPU.ActiveCfg = Release|Any CPU
		{9CAB13E9-CABE-4DA7-965F-97EA040071D3}.Release|Any CPU.Build.0 = Release|Any CPU
	EndGlobalSection
	GlobalSection(SolutionProperties) = preSolution
		HideSolutionNode = FALSE
	EndGlobalSection
	GlobalSection(ExtensibilityGlobals) = postSolution
		SolutionGuid = {4982AF3E-0775-44D7-A1C5-223A694EA6B5}
	EndGlobalSection
EndGlobal
